
Microsoft Visual Studio Solution File, Format Version 12.00
# Visual Studio Version 17
VisualStudioVersion = 17.4.33122.133
MinimumVisualStudioVersion = 10.0.40219.1
Project("{FAE04EC0-301F-11D3-BF4B-00C04F79EFBC}") = "BaseDados", "BaseDados\BaseDados.csproj", "{73329E91-68C1-429F-A0B2-34F387977EA4}"
EndProject
Global
	GlobalSection(SolutionConfigurationPlatforms) = preSolution
		Debug|Any CPU = Debug|Any CPU
		Release|Any CPU = Release|Any CPU
	EndGlobalSection
	GlobalSection(ProjectConfigurationPlatforms) = postSolution
		{73329E91-68C1-429F-A0B2-34F387977EA4}.Debug|Any CPU.ActiveCfg = Debug|Any CPU
		{73329E91-68C1-429F-A0B2-34F387977EA4}.Debug|Any CPU.Build.0 = Debug|Any CPU
		{73329E91-68C1-429F-A0B2-34F387977EA4}.Release|Any CPU.ActiveCfg = Release|Any CPU
		{73329E91-68C1-429F-A0B2-34F387977EA4}.Release|Any CPU.Build.0 = Release|Any CPU
	EndGlobalSection
	GlobalSection(SolutionProperties) = preSolution
		HideSolutionNode = FALSE
	EndGlobalSection
	GlobalSection(ExtensibilityGlobals) = postSolution
		SolutionGuid = {8957D765-133A-4D46-9FC6-AB0E9F88ADC8}
	EndGlobalSection
EndGlobal
